
Microsoft Visual Studio Solution File, Format Version 12.00
# Visual Studio Version 17
VisualStudioVersion = 17.5.33502.453
MinimumVisualStudioVersion = 10.0.40219.1
Project("{C9674DCB-5085-4A16-B785-4C70DD1589BD}") = "Integration Services Faculty Project", "Integration Services Faculty Project\Integration Services Faculty Project.dtproj", "{877611F1-9D57-49F5-BE0B-B61027690C3E}"
EndProject
Global
	GlobalSection(SolutionConfigurationPlatforms) = preSolution
		Development|Default = Development|Default
	EndGlobalSection
	GlobalSection(ProjectConfigurationPlatforms) = postSolution
		{877611F1-9D57-49F5-BE0B-B61027690C3E}.Development|Default.ActiveCfg = Development
		{877611F1-9D57-49F5-BE0B-B61027690C3E}.Development|Default.Build.0 = Development
	EndGlobalSection
	GlobalSection(SolutionProperties) = preSolution
		HideSolutionNode = FALSE
	EndGlobalSection
	GlobalSection(ExtensibilityGlobals) = postSolution
		SolutionGuid = {42CFEF23-943B-47D2-AE2E-272AD8F68979}
	EndGlobalSection
EndGlobal
